
Microsoft Visual Studio Solution File, Format Version 12.00
Project("{FAE04EC0-301F-11D3-BF4B-00C04F79EFBC}") = "ManufacturingManager.Web", "ManufacturingManager.Web\ManufacturingManager.Web.csproj", "{0741FB64-B9C9-4A24-B1EC-0C8DF18E4005}"
EndProject
Project("{FAE04EC0-301F-11D3-BF4B-00C04F79EFBC}") = "ManufacturingManager.Core", "ManufacturingManager.Core\ManufacturingManager.Core.csproj", "{FC53A3FC-1BBB-40F6-952E-67BD3E0123AB}"
EndProject
Project("{FAE04EC0-301F-11D3-BF4B-00C04F79EFBC}") = "ManufacturingManager.ADO", "ManufacturingManager.ADO\ManufacturingManager.ADO.csproj", "{6836447D-464A-4A77-BD97-1D19766F0363}"
EndProject
Project("{FAE04EC0-301F-11D3-BF4B-00C04F79EFBC}") = "ManufacturingManager.Components.UI", "ManufacturingManager.Components.UI\ManufacturingManager.Components.UI.csproj", "{81E255C8-7DB3-43BA-B86D-F75BCDD786DB}"
EndProject
Project("{FAE04EC0-301F-11D3-BF4B-00C04F79EFBC}") = "ManufacturingManager.Database", "ManufacturingManager.Database\ManufacturingManager.Database.csproj", "{AA5E538F-86A9-4DC3-A240-0D293C37717B}"
EndProject
Global
	GlobalSection(SolutionConfigurationPlatforms) = preSolution
		Debug|Any CPU = Debug|Any CPU
		Release|Any CPU = Release|Any CPU
	EndGlobalSection
	GlobalSection(ProjectConfigurationPlatforms) = postSolution
		{0741FB64-B9C9-4A24-B1EC-0C8DF18E4005}.Debug|Any CPU.ActiveCfg = Debug|Any CPU
		{0741FB64-B9C9-4A24-B1EC-0C8DF18E4005}.Debug|Any CPU.Build.0 = Debug|Any CPU
		{0741FB64-B9C9-4A24-B1EC-0C8DF18E4005}.Release|Any CPU.ActiveCfg = Release|Any CPU
		{0741FB64-B9C9-4A24-B1EC-0C8DF18E4005}.Release|Any CPU.Build.0 = Release|Any CPU
		{FC53A3FC-1BBB-40F6-952E-67BD3E0123AB}.Debug|Any CPU.ActiveCfg = Debug|Any CPU
		{FC53A3FC-1BBB-40F6-952E-67BD3E0123AB}.Debug|Any CPU.Build.0 = Debug|Any CPU
		{FC53A3FC-1BBB-40F6-952E-67BD3E0123AB}.Release|Any CPU.ActiveCfg = Release|Any CPU
		{FC53A3FC-1BBB-40F6-952E-67BD3E0123AB}.Release|Any CPU.Build.0 = Release|Any CPU
		{6836447D-464A-4A77-BD97-1D19766F0363}.Debug|Any CPU.ActiveCfg = Debug|Any CPU
		{6836447D-464A-4A77-BD97-1D19766F0363}.Debug|Any CPU.Build.0 = Debug|Any CPU
		{6836447D-464A-4A77-BD97-1D19766F0363}.Release|Any CPU.ActiveCfg = Release|Any CPU
		{6836447D-464A-4A77-BD97-1D19766F0363}.Release|Any CPU.Build.0 = Release|Any CPU
		{81E255C8-7DB3-43BA-B86D-F75BCDD786DB}.Debug|Any CPU.ActiveCfg = Debug|Any CPU
		{81E255C8-7DB3-43BA-B86D-F75BCDD786DB}.Debug|Any CPU.Build.0 = Debug|Any CPU
		{81E255C8-7DB3-43BA-B86D-F75BCDD786DB}.Release|Any CPU.ActiveCfg = Release|Any CPU
		{81E255C8-7DB3-43BA-B86D-F75BCDD786DB}.Release|Any CPU.Build.0 = Release|Any CPU
		{AA5E538F-86A9-4DC3-A240-0D293C37717B}.Debug|Any CPU.ActiveCfg = Debug|Any CPU
		{AA5E538F-86A9-4DC3-A240-0D293C37717B}.Debug|Any CPU.Build.0 = Debug|Any CPU
		{AA5E538F-86A9-4DC3-A240-0D293C37717B}.Release|Any CPU.ActiveCfg = Release|Any CPU
		{AA5E538F-86A9-4DC3-A240-0D293C37717B}.Release|Any CPU.Build.0 = Release|Any CPU
	EndGlobalSection
EndGlobal
